
Microsoft Visual Studio Solution File, Format Version 12.00
# Visual Studio Version 17
VisualStudioVersion = 17.0.31903.59
MinimumVisualStudioVersion = 10.0.40219.1
Project("{2150E333-8FDC-42A3-9474-1A3956D46DE8}") = "BuildingBlocks", "BuildingBlocks", "{7266C4A9-E384-DC00-0EB6-47F6002CFBA7}"
EndProject
Project("{FAE04EC0-301F-11D3-BF4B-00C04F79EFBC}") = "BuildingBlocks", "BuildingBlocks\BuildingBlocks\BuildingBlocks.csproj", "{AC3D928C-F37C-4B9B-8CEC-E078DA3F3DC2}"
EndProject
Project("{2150E333-8FDC-42A3-9474-1A3956D46DE8}") = "Contracts", "Contracts", "{A73F2606-6D4C-3EEE-1759-0E59DCFEF523}"
EndProject
Project("{2150E333-8FDC-42A3-9474-1A3956D46DE8}") = "IntegrationEvents", "IntegrationEvents", "{9654997E-8F81-5A36-2AB0-B2ECD99ED562}"
EndProject
Project("{FAE04EC0-301F-11D3-BF4B-00C04F79EFBC}") = "Contracts.IntegrationEvents", "Contracts\IntegrationEvents\Contracts.IntegrationEvents.csproj", "{46B033A1-DFAA-4512-8466-41481D7C8A7D}"
EndProject
Project("{2150E333-8FDC-42A3-9474-1A3956D46DE8}") = "Gateway", "Gateway", "{E7BDDBC6-9FD1-D1D7-ACD8-2C4F8E3D2461}"
EndProject
Project("{FAE04EC0-301F-11D3-BF4B-00C04F79EFBC}") = "Gateway.Api", "Gateway\Gateway.Api\Gateway.Api.csproj", "{688AB7E5-8E3E-4401-8E79-C8D0F1063293}"
EndProject
Project("{2150E333-8FDC-42A3-9474-1A3956D46DE8}") = "Services", "Services", "{5854FF58-B8C5-05C6-5BF2-ACE42193F22B}"
EndProject
Project("{2150E333-8FDC-42A3-9474-1A3956D46DE8}") = "Booking", "Booking", "{1BDCE16F-44E9-1D02-8623-3C0B350C7CC7}"
EndProject
Project("{FAE04EC0-301F-11D3-BF4B-00C04F79EFBC}") = "Booking.Api", "Services\Booking\Booking.Api\Booking.Api.csproj", "{73D1BA5C-D7EC-4C3F-A4AD-56FE3530E432}"
EndProject
Project("{FAE04EC0-301F-11D3-BF4B-00C04F79EFBC}") = "Booking.Infrastructure", "Services\Booking\Booking.Infrastructure\Booking.Infrastructure.csproj", "{A63EE931-5EBE-43D9-9234-E802A80936CA}"
EndProject
Project("{FAE04EC0-301F-11D3-BF4B-00C04F79EFBC}") = "Booking.Application", "Services\Booking\Booking.Application\Booking.Application.csproj", "{1F29D3D1-932B-437F-9587-9C0D95E0B3F4}"
EndProject
Project("{FAE04EC0-301F-11D3-BF4B-00C04F79EFBC}") = "Booking.Domain", "Services\Booking\Booking.Domain\Booking.Domain.csproj", "{BC00CE5D-CCB4-4F51-87EC-7B8734B1884F}"
EndProject
Project("{2150E333-8FDC-42A3-9474-1A3956D46DE8}") = "Compliance", "Compliance", "{910CD2FD-B305-E565-947C-C8AD35E28D1F}"
EndProject
Project("{FAE04EC0-301F-11D3-BF4B-00C04F79EFBC}") = "Compliance.Api", "Services\Compliance\Compliance.Api\Compliance.Api.csproj", "{57828EF5-3871-4CA5-9441-178474DFA3BF}"
EndProject
Project("{FAE04EC0-301F-11D3-BF4B-00C04F79EFBC}") = "Compliance.Infrastructure", "Services\Compliance\Compliance.Infrastructure\Compliance.Infrastructure.csproj", "{1807BA02-B820-4645-A953-CAE3BA4956BC}"
EndProject
Project("{FAE04EC0-301F-11D3-BF4B-00C04F79EFBC}") = "Compliance.Application", "Services\Compliance\Compliance.Application\Compliance.Application.csproj", "{E2B76789-36AA-407A-A4E7-3722E12D32FD}"
EndProject
Project("{FAE04EC0-301F-11D3-BF4B-00C04F79EFBC}") = "Compliance.Domain", "Services\Compliance\Compliance.Domain\Compliance.Domain.csproj", "{531223C3-07DC-4EEC-95E1-5D955D703231}"
EndProject
Project("{2150E333-8FDC-42A3-9474-1A3956D46DE8}") = "Handover", "Handover", "{2C1A4A76-A2BA-CDCA-6437-561A7B87BEBA}"
EndProject
Project("{FAE04EC0-301F-11D3-BF4B-00C04F79EFBC}") = "Handover.Api", "Services\Handover\Handover.Api\Handover.Api.csproj", "{5F180055-D20A-44A2-871D-FA451A3D7DDC}"
EndProject
Project("{FAE04EC0-301F-11D3-BF4B-00C04F79EFBC}") = "Handover.Infrastructure", "Services\Handover\Handover.Infrastructure\Handover.Infrastructure.csproj", "{5D4807C2-364B-4BA4-A3FF-61E06182F7BC}"
EndProject
Project("{FAE04EC0-301F-11D3-BF4B-00C04F79EFBC}") = "Handover.Application", "Services\Handover\Handover.Application\Handover.Application.csproj", "{1288CF30-D548-4DF9-A9D6-9BE152D23683}"
EndProject
Project("{FAE04EC0-301F-11D3-BF4B-00C04F79EFBC}") = "Handover.Domain", "Services\Handover\Handover.Domain\Handover.Domain.csproj", "{443401C8-F7F7-420B-BFBD-CFFEB7433164}"
EndProject
Project("{2150E333-8FDC-42A3-9474-1A3956D46DE8}") = "Identity", "Identity", "{357A7C97-5AE1-023F-1442-0D9F9AF22A31}"
EndProject
Project("{FAE04EC0-301F-11D3-BF4B-00C04F79EFBC}") = "Identity.Api", "Services\Identity\Identity.Api\Identity.Api.csproj", "{D280C181-CD2C-4527-90E1-506D77761E21}"
EndProject
Project("{FAE04EC0-301F-11D3-BF4B-00C04F79EFBC}") = "Identity.Infrastructure", "Services\Identity\Identity.Infrastructure\Identity.Infrastructure.csproj", "{3F17B887-773E-426D-B5E8-67C16882DED5}"
EndProject
Project("{FAE04EC0-301F-11D3-BF4B-00C04F79EFBC}") = "Identity.Application", "Services\Identity\Identity.Application\Identity.Application.csproj", "{06FA0C37-DD60-4EF6-B4F0-BBCA936E8185}"
EndProject
Project("{FAE04EC0-301F-11D3-BF4B-00C04F79EFBC}") = "Identity.Domain", "Services\Identity\Identity.Domain\Identity.Domain.csproj", "{FCF0C309-B204-4C31-B9B6-A742B1CB2996}"
EndProject
Project("{2150E333-8FDC-42A3-9474-1A3956D46DE8}") = "Incident", "Incident", "{CFB52292-98B6-4E9A-8746-113C6577FC11}"
EndProject
Project("{FAE04EC0-301F-11D3-BF4B-00C04F79EFBC}") = "Incident.Api", "Services\Incident\Incident.Api\Incident.Api.csproj", "{A4A0151D-BFE0-4EE7-829B-0A98797D9FFE}"
EndProject
Project("{FAE04EC0-301F-11D3-BF4B-00C04F79EFBC}") = "Incident.Infrastructure", "Services\Incident\Incident.Infrastructure\Incident.Infrastructure.csproj", "{D11CFB92-2D72-4659-BD35-10441F246C00}"
EndProject
Project("{FAE04EC0-301F-11D3-BF4B-00C04F79EFBC}") = "Incident.Application", "Services\Incident\Incident.Application\Incident.Application.csproj", "{2E1B0BDE-8DCF-40A6-8A3C-02D5A316D10A}"
EndProject
Project("{FAE04EC0-301F-11D3-BF4B-00C04F79EFBC}") = "Incident.Domain", "Services\Incident\Incident.Domain\Incident.Domain.csproj", "{35251742-D2EA-4116-AC27-764BCDC80561}"
EndProject
Project("{2150E333-8FDC-42A3-9474-1A3956D46DE8}") = "Notification", "Notification", "{06470F13-D646-4954-ED4A-FA216054436A}"
EndProject
Project("{FAE04EC0-301F-11D3-BF4B-00C04F79EFBC}") = "Notification.Api", "Services\Notification\Notification.Api\Notification.Api.csproj", "{C35E1D6D-6E24-4A59-999F-1A1F2E65E118}"
EndProject
Project("{FAE04EC0-301F-11D3-BF4B-00C04F79EFBC}") = "Notification.Infrastructure", "Services\Notification\Notification.Infrastructure\Notification.Infrastructure.csproj", "{FA7E0443-4092-4443-8958-67D545C3182B}"
EndProject
Project("{FAE04EC0-301F-11D3-BF4B-00C04F79EFBC}") = "Notification.Application", "Services\Notification\Notification.Application\Notification.Application.csproj", "{BF9AE9C6-7323-43AD-B5F9-D3C11CCE7D0B}"
EndProject
Project("{FAE04EC0-301F-11D3-BF4B-00C04F79EFBC}") = "Notification.Domain", "Services\Notification\Notification.Domain\Notification.Domain.csproj", "{D515DDE6-0DAA-402C-831D-0C2DD62C4FF2}"
EndProject
Project("{2150E333-8FDC-42A3-9474-1A3956D46DE8}") = "Planning", "Planning", "{95B5F45C-7F96-2BAF-52D9-D752350F5FCB}"
EndProject
Project("{FAE04EC0-301F-11D3-BF4B-00C04F79EFBC}") = "Planning.Api", "Services\Planning\Planning.Api\Planning.Api.csproj", "{27376B05-23B3-42AB-AC6A-F7D482E88725}"
EndProject
Project("{FAE04EC0-301F-11D3-BF4B-00C04F79EFBC}") = "Planning.Infrastructure", "Services\Planning\Planning.Infrastructure\Planning.Infrastructure.csproj", "{86CA3ECA-8DA2-486C-AB1F-B595B1EE55A2}"
EndProject
Project("{FAE04EC0-301F-11D3-BF4B-00C04F79EFBC}") = "Planning.Application", "Services\Planning\Planning.Application\Planning.Application.csproj", "{F33B7E78-1171-4629-9AC7-457B6D551D9C}"
EndProject
Project("{FAE04EC0-301F-11D3-BF4B-00C04F79EFBC}") = "Planning.Domain", "Services\Planning\Planning.Domain\Planning.Domain.csproj", "{B7F05685-2D63-4EC9-892B-5340679A8F95}"
EndProject
Project("{2150E333-8FDC-42A3-9474-1A3956D46DE8}") = "Tracking", "Tracking", "{5DAAE14E-BEF8-4D9A-36B7-C0758735334C}"
EndProject
Project("{FAE04EC0-301F-11D3-BF4B-00C04F79EFBC}") = "Tracking.Api", "Services\Tracking\Tracking.Api\Tracking.Api.csproj", "{7F8640C0-ED4C-453F-9DCA-63779100BE1C}"
EndProject
Project("{FAE04EC0-301F-11D3-BF4B-00C04F79EFBC}") = "Tracking.Infrastructure", "Services\Tracking\Tracking.Infrastructure\Tracking.Infrastructure.csproj", "{98A156E4-5A14-4B66-9F1C-5D6834E40D22}"
EndProject
Project("{FAE04EC0-301F-11D3-BF4B-00C04F79EFBC}") = "Tracking.Application", "Services\Tracking\Tracking.Application\Tracking.Application.csproj", "{AA41B26E-06E5-412F-9363-CF858CFC40EB}"
EndProject
Project("{FAE04EC0-301F-11D3-BF4B-00C04F79EFBC}") = "Tracking.Domain", "Services\Tracking\Tracking.Domain\Tracking.Domain.csproj", "{8A6C28E1-6C66-4D4C-9F31-E47FAC1FD563}"
EndProject
Global
	GlobalSection(SolutionConfigurationPlatforms) = preSolution
		Debug|Any CPU = Debug|Any CPU
		Debug|x64 = Debug|x64
		Debug|x86 = Debug|x86
		Release|Any CPU = Release|Any CPU
		Release|x64 = Release|x64
		Release|x86 = Release|x86
	EndGlobalSection
	GlobalSection(ProjectConfigurationPlatforms) = postSolution
		{AC3D928C-F37C-4B9B-8CEC-E078DA3F3DC2}.Debug|Any CPU.ActiveCfg = Debug|Any CPU
		{AC3D928C-F37C-4B9B-8CEC-E078DA3F3DC2}.Debug|Any CPU.Build.0 = Debug|Any CPU
		{AC3D928C-F37C-4B9B-8CEC-E078DA3F3DC2}.Debug|x64.ActiveCfg = Debug|Any CPU
		{AC3D928C-F37C-4B9B-8CEC-E078DA3F3DC2}.Debug|x64.Build.0 = Debug|Any CPU
		{AC3D928C-F37C-4B9B-8CEC-E078DA3F3DC2}.Debug|x86.ActiveCfg = Debug|Any CPU
		{AC3D928C-F37C-4B9B-8CEC-E078DA3F3DC2}.Debug|x86.Build.0 = Debug|Any CPU
		{AC3D928C-F37C-4B9B-8CEC-E078DA3F3DC2}.Release|Any CPU.ActiveCfg = Release|Any CPU
		{AC3D928C-F37C-4B9B-8CEC-E078DA3F3DC2}.Release|Any CPU.Build.0 = Release|Any CPU
		{AC3D928C-F37C-4B9B-8CEC-E078DA3F3DC2}.Release|x64.ActiveCfg = Release|Any CPU
		{AC3D928C-F37C-4B9B-8CEC-E078DA3F3DC2}.Release|x64.Build.0 = Release|Any CPU
		{AC3D928C-F37C-4B9B-8CEC-E078DA3F3DC2}.Release|x86.ActiveCfg = Release|Any CPU
		{AC3D928C-F37C-4B9B-8CEC-E078DA3F3DC2}.Release|x86.Build.0 = Release|Any CPU
		{46B033A1-DFAA-4512-8466-41481D7C8A7D}.Debug|Any CPU.ActiveCfg = Debug|Any CPU
		{46B033A1-DFAA-4512-8466-41481D7C8A7D}.Debug|Any CPU.Build.0 = Debug|Any CPU
		{46B033A1-DFAA-4512-8466-41481D7C8A7D}.Debug|x64.ActiveCfg = Debug|Any CPU
		{46B033A1-DFAA-4512-8466-41481D7C8A7D}.Debug|x64.Build.0 = Debug|Any CPU
		{46B033A1-DFAA-4512-8466-41481D7C8A7D}.Debug|x86.ActiveCfg = Debug|Any CPU
		{46B033A1-DFAA-4512-8466-41481D7C8A7D}.Debug|x86.Build.0 = Debug|Any CPU
		{46B033A1-DFAA-4512-8466-41481D7C8A7D}.Release|Any CPU.ActiveCfg = Release|Any CPU
		{46B033A1-DFAA-4512-8466-41481D7C8A7D}.Release|Any CPU.Build.0 = Release|Any CPU
		{46B033A1-DFAA-4512-8466-41481D7C8A7D}.Release|x64.ActiveCfg = Release|Any CPU
		{46B033A1-DFAA-4512-8466-41481D7C8A7D}.Release|x64.Build.0 = Release|Any CPU
		{46B033A1-DFAA-4512-8466-41481D7C8A7D}.Release|x86.ActiveCfg = Release|Any CPU
		{46B033A1-DFAA-4512-8466-41481D7C8A7D}.Release|x86.Build.0 = Release|Any CPU
		{688AB7E5-8E3E-4401-8E79-C8D0F1063293}.Debug|Any CPU.ActiveCfg = Debug|Any CPU
		{688AB7E5-8E3E-4401-8E79-C8D0F1063293}.Debug|Any CPU.Build.0 = Debug|Any CPU
		{688AB7E5-8E3E-4401-8E79-C8D0F1063293}.Debug|x64.ActiveCfg = Debug|Any CPU
		{688AB7E5-8E3E-4401-8E79-C8D0F1063293}.Debug|x64.Build.0 = Debug|Any CPU
		{688AB7E5-8E3E-4401-8E79-C8D0F1063293}.Debug|x86.ActiveCfg = Debug|Any CPU
		{688AB7E5-8E3E-4401-8E79-C8D0F1063293}.Debug|x86.Build.0 = Debug|Any CPU
		{688AB7E5-8E3E-4401-8E79-C8D0F1063293}.Release|Any CPU.ActiveCfg = Release|Any CPU
		{688AB7E5-8E3E-4401-8E79-C8D0F1063293}.Release|Any CPU.Build.0 = Release|Any CPU
		{688AB7E5-8E3E-4401-8E79-C8D0F1063293}.Release|x64.ActiveCfg = Release|Any CPU
		{688AB7E5-8E3E-4401-8E79-C8D0F1063293}.Release|x64.Build.0 = Release|Any CPU
		{688AB7E5-8E3E-4401-8E79-C8D0F1063293}.Release|x86.ActiveCfg = Release|Any CPU
		{688AB7E5-8E3E-4401-8E79-C8D0F1063293}.Release|x86.Build.0 = Release|Any CPU
		{73D1BA5C-D7EC-4C3F-A4AD-56FE3530E432}.Debug|Any CPU.ActiveCfg = Debug|Any CPU
		{73D1BA5C-D7EC-4C3F-A4AD-56FE3530E432}.Debug|Any CPU.Build.0 = Debug|Any CPU
		{73D1BA5C-D7EC-4C3F-A4AD-56FE3530E432}.Debug|x64.ActiveCfg = Debug|Any CPU
		{73D1BA5C-D7EC-4C3F-A4AD-56FE3530E432}.Debug|x64.Build.0 = Debug|Any CPU
		{73D1BA5C-D7EC-4C3F-A4AD-56FE3530E432}.Debug|x86.ActiveCfg = Debug|Any CPU
		{73D1BA5C-D7EC-4C3F-A4AD-56FE3530E432}.Debug|x86.Build.0 = Debug|Any CPU
		{73D1BA5C-D7EC-4C3F-A4AD-56FE3530E432}.Release|Any CPU.ActiveCfg = Release|Any CPU
		{73D1BA5C-D7EC-4C3F-A4AD-56FE3530E432}.Release|Any CPU.Build.0 = Release|Any CPU
		{73D1BA5C-D7EC-4C3F-A4AD-56FE3530E432}.Release|x64.ActiveCfg = Release|Any CPU
		{73D1BA5C-D7EC-4C3F-A4AD-56FE3530E432}.Release|x64.Build.0 = Release|Any CPU
		{73D1BA5C-D7EC-4C3F-A4AD-56FE3530E432}.Release|x86.ActiveCfg = Release|Any CPU
		{73D1BA5C-D7EC-4C3F-A4AD-56FE3530E432}.Release|x86.Build.0 = Release|Any CPU
		{A63EE931-5EBE-43D9-9234-E802A80936CA}.Debug|Any CPU.ActiveCfg = Debug|Any CPU
		{A63EE931-5EBE-43D9-9234-E802A80936CA}.Debug|Any CPU.Build.0 = Debug|Any CPU
		{A63EE931-5EBE-43D9-9234-E802A80936CA}.Debug|x64.ActiveCfg = Debug|Any CPU
		{A63EE931-5EBE-43D9-9234-E802A80936CA}.Debug|x64.Build.0 = Debug|Any CPU
		{A63EE931-5EBE-43D9-9234-E802A80936CA}.Debug|x86.ActiveCfg = Debug|Any CPU
		{A63EE931-5EBE-43D9-9234-E802A80936CA}.Debug|x86.Build.0 = Debug|Any CPU
		{A63EE931-5EBE-43D9-9234-E802A80936CA}.Release|Any CPU.ActiveCfg = Release|Any CPU
		{A63EE931-5EBE-43D9-9234-E802A80936CA}.Release|Any CPU.Build.0 = Release|Any CPU
		{A63EE931-5EBE-43D9-9234-E802A80936CA}.Release|x64.ActiveCfg = Release|Any CPU
		{A63EE931-5EBE-43D9-9234-E802A80936CA}.Release|x64.Build.0 = Release|Any CPU
		{A63EE931-5EBE-43D9-9234-E802A80936CA}.Release|x86.ActiveCfg = Release|Any CPU
		{A63EE931-5EBE-43D9-9234-E802A80936CA}.Release|x86.Build.0 = Release|Any CPU
		{1F29D3D1-932B-437F-9587-9C0D95E0B3F4}.Debug|Any CPU.ActiveCfg = Debug|Any CPU
		{1F29D3D1-932B-437F-9587-9C0D95E0B3F4}.Debug|Any CPU.Build.0 = Debug|Any CPU
		{1F29D3D1-932B-437F-9587-9C0D95E0B3F4}.Debug|x64.ActiveCfg = Debug|Any CPU
		{1F29D3D1-932B-437F-9587-9C0D95E0B3F4}.Debug|x64.Build.0 = Debug|Any CPU
		{1F29D3D1-932B-437F-9587-9C0D95E0B3F4}.Debug|x86.ActiveCfg = Debug|Any CPU
		{1F29D3D1-932B-437F-9587-9C0D95E0B3F4}.Debug|x86.Build.0 = Debug|Any CPU
		{1F29D3D1-932B-437F-9587-9C0D95E0B3F4}.Release|Any CPU.ActiveCfg = Release|Any CPU
		{1F29D3D1-932B-437F-9587-9C0D95E0B3F4}.Release|Any CPU.Build.0 = Release|Any CPU
		{1F29D3D1-932B-437F-9587-9C0D95E0B3F4}.Release|x64.ActiveCfg = Release|Any CPU
		{1F29D3D1-932B-437F-9587-9C0D95E0B3F4}.Release|x64.Build.0 = Release|Any CPU
		{1F29D3D1-932B-437F-9587-9C0D95E0B3F4}.Release|x86.ActiveCfg = Release|Any CPU
		{1F29D3D1-932B-437F-9587-9C0D95E0B3F4}.Release|x86.Build.0 = Release|Any CPU
		{BC00CE5D-CCB4-4F51-87EC-7B8734B1884F}.Debug|Any CPU.ActiveCfg = Debug|Any CPU
		{BC00CE5D-CCB4-4F51-87EC-7B8734B1884F}.Debug|Any CPU.Build.0 = Debug|Any CPU
		{BC00CE5D-CCB4-4F51-87EC-7B8734B1884F}.Debug|x64.ActiveCfg = Debug|Any CPU
		{BC00CE5D-CCB4-4F51-87EC-7B8734B1884F}.Debug|x64.Build.0 = Debug|Any CPU
		{BC00CE5D-CCB4-4F51-87EC-7B8734B1884F}.Debug|x86.ActiveCfg = Debug|Any CPU
		{BC00CE5D-CCB4-4F51-87EC-7B8734B1884F}.Debug|x86.Build.0 = Debug|Any CPU
		{BC00CE5D-CCB4-4F51-87EC-7B8734B1884F}.Release|Any CPU.ActiveCfg = Release|Any CPU
		{BC00CE5D-CCB4-4F51-87EC-7B8734B1884F}.Release|Any CPU.Build.0 = Release|Any CPU
		{BC00CE5D-CCB4-4F51-87EC-7B8734B1884F}.Release|x64.ActiveCfg = Release|Any CPU
		{BC00CE5D-CCB4-4F51-87EC-7B8734B1884F}.Release|x64.Build.0 = Release|Any CPU
		{BC00CE5D-CCB4-4F51-87EC-7B8734B1884F}.Release|x86.ActiveCfg = Release|Any CPU
		{BC00CE5D-CCB4-4F51-87EC-7B8734B1884F}.Release|x86.Build.0 = Release|Any CPU
		{57828EF5-3871-4CA5-9441-178474DFA3BF}.Debug|Any CPU.ActiveCfg = Debug|Any CPU
		{57828EF5-3871-4CA5-9441-178474DFA3BF}.Debug|Any CPU.Build.0 = Debug|Any CPU
		{57828EF5-3871-4CA5-9441-178474DFA3BF}.Debug|x64.ActiveCfg = Debug|Any CPU
		{57828EF5-3871-4CA5-9441-178474DFA3BF}.Debug|x64.Build.0 = Debug|Any CPU
		{57828EF5-3871-4CA5-9441-178474DFA3BF}.Debug|x86.ActiveCfg = Debug|Any CPU
		{57828EF5-3871-4CA5-9441-178474DFA3BF}.Debug|x86.Build.0 = Debug|Any CPU
		{57828EF5-3871-4CA5-9441-178474DFA3BF}.Release|Any CPU.ActiveCfg = Release|Any CPU
		{57828EF5-3871-4CA5-9441-178474DFA3BF}.Release|Any CPU.Build.0 = Release|Any CPU
		{57828EF5-3871-4CA5-9441-178474DFA3BF}.Release|x64.ActiveCfg = Release|Any CPU
		{57828EF5-3871-4CA5-9441-178474DFA3BF}.Release|x64.Build.0 = Release|Any CPU
		{57828EF5-3871-4CA5-9441-178474DFA3BF}.Release|x86.ActiveCfg = Release|Any CPU
		{57828EF5-3871-4CA5-9441-178474DFA3BF}.Release|x86.Build.0 = Release|Any CPU
		{1807BA02-B820-4645-A953-CAE3BA4956BC}.Debug|Any CPU.ActiveCfg = Debug|Any CPU
		{1807BA02-B820-4645-A953-CAE3BA4956BC}.Debug|Any CPU.Build.0 = Debug|Any CPU
		{1807BA02-B820-4645-A953-CAE3BA4956BC}.Debug|x64.ActiveCfg = Debug|Any CPU
		{1807BA02-B820-4645-A953-CAE3BA4956BC}.Debug|x64.Build.0 = Debug|Any CPU
		{1807BA02-B820-4645-A953-CAE3BA4956BC}.Debug|x86.ActiveCfg = Debug|Any CPU
		{1807BA02-B820-4645-A953-CAE3BA4956BC}.Debug|x86.Build.0 = Debug|Any CPU
		{1807BA02-B820-4645-A953-CAE3BA4956BC}.Release|Any CPU.ActiveCfg = Release|Any CPU
		{1807BA02-B820-4645-A953-CAE3BA4956BC}.Release|Any CPU.Build.0 = Release|Any CPU
		{1807BA02-B820-4645-A953-CAE3BA4956BC}.Release|x64.ActiveCfg = Release|Any CPU
		{1807BA02-B820-4645-A953-CAE3BA4956BC}.Release|x64.Build.0 = Release|Any CPU
		{1807BA02-B820-4645-A953-CAE3BA4956BC}.Release|x86.ActiveCfg = Release|Any CPU
		{1807BA02-B820-4645-A953-CAE3BA4956BC}.Release|x86.Build.0 = Release|Any CPU
		{E2B76789-36AA-407A-A4E7-3722E12D32FD}.Debug|Any CPU.ActiveCfg = Debug|Any CPU
		{E2B76789-36AA-407A-A4E7-3722E12D32FD}.Debug|Any CPU.Build.0 = Debug|Any CPU
		{E2B76789-36AA-407A-A4E7-3722E12D32FD}.Debug|x64.ActiveCfg = Debug|Any CPU
		{E2B76789-36AA-407A-A4E7-3722E12D32FD}.Debug|x64.Build.0 = Debug|Any CPU
		{E2B76789-36AA-407A-A4E7-3722E12D32FD}.Debug|x86.ActiveCfg = Debug|Any CPU
		{E2B76789-36AA-407A-A4E7-3722E12D32FD}.Debug|x86.Build.0 = Debug|Any CPU
		{E2B76789-36AA-407A-A4E7-3722E12D32FD}.Release|Any CPU.ActiveCfg = Release|Any CPU
		{E2B76789-36AA-407A-A4E7-3722E12D32FD}.Release|Any CPU.Build.0 = Release|Any CPU
		{E2B76789-36AA-407A-A4E7-3722E12D32FD}.Release|x64.ActiveCfg = Release|Any CPU
		{E2B76789-36AA-407A-A4E7-3722E12D32FD}.Release|x64.Build.0 = Release|Any CPU
		{E2B76789-36AA-407A-A4E7-3722E12D32FD}.Release|x86.ActiveCfg = Release|Any CPU
		{E2B76789-36AA-407A-A4E7-3722E12D32FD}.Release|x86.Build.0 = Release|Any CPU
		{531223C3-07DC-4EEC-95E1-5D955D703231}.Debug|Any CPU.ActiveCfg = Debug|Any CPU
		{531223C3-07DC-4EEC-95E1-5D955D703231}.Debug|Any CPU.Build.0 = Debug|Any CPU
		{531223C3-07DC-4EEC-95E1-5D955D703231}.Debug|x64.ActiveCfg = Debug|Any CPU
		{531223C3-07DC-4EEC-95E1-5D955D703231}.Debug|x64.Build.0 = Debug|Any CPU
		{531223C3-07DC-4EEC-95E1-5D955D703231}.Debug|x86.ActiveCfg = Debug|Any CPU
		{531223C3-07DC-4EEC-95E1-5D955D703231}.Debug|x86.Build.0 = Debug|Any CPU
		{531223C3-07DC-4EEC-95E1-5D955D703231}.Release|Any CPU.ActiveCfg = Release|Any CPU
		{531223C3-07DC-4EEC-95E1-5D955D703231}.Release|Any CPU.Build.0 = Release|Any CPU
		{531223C3-07DC-4EEC-95E1-5D955D703231}.Release|x64.ActiveCfg = Release|Any CPU
		{531223C3-07DC-4EEC-95E1-5D955D703231}.Release|x64.Build.0 = Release|Any CPU
		{531223C3-07DC-4EEC-95E1-5D955D703231}.Release|x86.ActiveCfg = Release|Any CPU
		{531223C3-07DC-4EEC-95E1-5D955D703231}.Release|x86.Build.0 = Release|Any CPU
		{5F180055-D20A-44A2-871D-FA451A3D7DDC}.Debug|Any CPU.ActiveCfg = Debug|Any CPU
		{5F180055-D20A-44A2-871D-FA451A3D7DDC}.Debug|Any CPU.Build.0 = Debug|Any CPU
		{5F180055-D20A-44A2-871D-FA451A3D7DDC}.Debug|x64.ActiveCfg = Debug|Any CPU
		{5F180055-D20A-44A2-871D-FA451A3D7DDC}.Debug|x64.Build.0 = Debug|Any CPU
		{5F180055-D20A-44A2-871D-FA451A3D7DDC}.Debug|x86.ActiveCfg = Debug|Any CPU
		{5F180055-D20A-44A2-871D-FA451A3D7DDC}.Debug|x86.Build.0 = Debug|Any CPU
		{5F180055-D20A-44A2-871D-FA451A3D7DDC}.Release|Any CPU.ActiveCfg = Release|Any CPU
		{5F180055-D20A-44A2-871D-FA451A3D7DDC}.Release|Any CPU.Build.0 = Release|Any CPU
		{5F180055-D20A-44A2-871D-FA451A3D7DDC}.Release|x64.ActiveCfg = Release|Any CPU
		{5F180055-D20A-44A2-871D-FA451A3D7DDC}.Release|x64.Build.0 = Release|Any CPU
		{5F180055-D20A-44A2-871D-FA451A3D7DDC}.Release|x86.ActiveCfg = Release|Any CPU
		{5F180055-D20A-44A2-871D-FA451A3D7DDC}.Release|x86.Build.0 = Release|Any CPU
		{5D4807C2-364B-4BA4-A3FF-61E06182F7BC}.Debug|Any CPU.ActiveCfg = Debug|Any CPU
		{5D4807C2-364B-4BA4-A3FF-61E06182F7BC}.Debug|Any CPU.Build.0 = Debug|Any CPU
		{5D4807C2-364B-4BA4-A3FF-61E06182F7BC}.Debug|x64.ActiveCfg = Debug|Any CPU
		{5D4807C2-364B-4BA4-A3FF-61E06182F7BC}.Debug|x64.Build.0 = Debug|Any CPU
		{5D4807C2-364B-4BA4-A3FF-61E06182F7BC}.Debug|x86.ActiveCfg = Debug|Any CPU
		{5D4807C2-364B-4BA4-A3FF-61E06182F7BC}.Debug|x86.Build.0 = Debug|Any CPU
		{5D4807C2-364B-4BA4-A3FF-61E06182F7BC}.Release|Any CPU.ActiveCfg = Release|Any CPU
		{5D4807C2-364B-4BA4-A3FF-61E06182F7BC}.Release|Any CPU.Build.0 = Release|Any CPU
		{5D4807C2-364B-4BA4-A3FF-61E06182F7BC}.Release|x64.ActiveCfg = Release|Any CPU
		{5D4807C2-364B-4BA4-A3FF-61E06182F7BC}.Release|x64.Build.0 = Release|Any CPU
		{5D4807C2-364B-4BA4-A3FF-61E06182F7BC}.Release|x86.ActiveCfg = Release|Any CPU
		{5D4807C2-364B-4BA4-A3FF-61E06182F7BC}.Release|x86.Build.0 = Release|Any CPU
		{1288CF30-D548-4DF9-A9D6-9BE152D23683}.Debug|Any CPU.ActiveCfg = Debug|Any CPU
		{1288CF30-D548-4DF9-A9D6-9BE152D23683}.Debug|Any CPU.Build.0 = Debug|Any CPU
		{1288CF30-D548-4DF9-A9D6-9BE152D23683}.Debug|x64.ActiveCfg = Debug|Any CPU
		{1288CF30-D548-4DF9-A9D6-9BE152D23683}.Debug|x64.Build.0 = Debug|Any CPU
		{1288CF30-D548-4DF9-A9D6-9BE152D23683}.Debug|x86.ActiveCfg = Debug|Any CPU
		{1288CF30-D548-4DF9-A9D6-9BE152D23683}.Debug|x86.Build.0 = Debug|Any CPU
		{1288CF30-D548-4DF9-A9D6-9BE152D23683}.Release|Any CPU.ActiveCfg = Release|Any CPU
		{1288CF30-D548-4DF9-A9D6-9BE152D23683}.Release|Any CPU.Build.0 = Release|Any CPU
		{1288CF30-D548-4DF9-A9D6-9BE152D23683}.Release|x64.ActiveCfg = Release|Any CPU
		{1288CF30-D548-4DF9-A9D6-9BE152D23683}.Release|x64.Build.0 = Release|Any CPU
		{1288CF30-D548-4DF9-A9D6-9BE152D23683}.Release|x86.ActiveCfg = Release|Any CPU
		{1288CF30-D548-4DF9-A9D6-9BE152D23683}.Release|x86.Build.0 = Release|Any CPU
		{443401C8-F7F7-420B-BFBD-CFFEB7433164}.Debug|Any CPU.ActiveCfg = Debug|Any CPU
		{443401C8-F7F7-420B-BFBD-CFFEB7433164}.Debug|Any CPU.Build.0 = Debug|Any CPU
		{443401C8-F7F7-420B-BFBD-CFFEB7433164}.Debug|x64.ActiveCfg = Debug|Any CPU
		{443401C8-F7F7-420B-BFBD-CFFEB7433164}.Debug|x64.Build.0 = Debug|Any CPU
		{443401C8-F7F7-420B-BFBD-CFFEB7433164}.Debug|x86.ActiveCfg = Debug|Any CPU
		{443401C8-F7F7-420B-BFBD-CFFEB7433164}.Debug|x86.Build.0 = Debug|Any CPU
		{443401C8-F7F7-420B-BFBD-CFFEB7433164}.Release|Any CPU.ActiveCfg = Release|Any CPU
		{443401C8-F7F7-420B-BFBD-CFFEB7433164}.Release|Any CPU.Build.0 = Release|Any CPU
		{443401C8-F7F7-420B-BFBD-CFFEB7433164}.Release|x64.ActiveCfg = Release|Any CPU
		{443401C8-F7F7-420B-BFBD-CFFEB7433164}.Release|x64.Build.0 = Release|Any CPU
		{443401C8-F7F7-420B-BFBD-CFFEB7433164}.Release|x86.ActiveCfg = Release|Any CPU
		{443401C8-F7F7-420B-BFBD-CFFEB7433164}.Release|x86.Build.0 = Release|Any CPU
		{D280C181-CD2C-4527-90E1-506D77761E21}.Debug|Any CPU.ActiveCfg = Debug|Any CPU
		{D280C181-CD2C-4527-90E1-506D77761E21}.Debug|Any CPU.Build.0 = Debug|Any CPU
		{D280C181-CD2C-4527-90E1-506D77761E21}.Debug|x64.ActiveCfg = Debug|Any CPU
		{D280C181-CD2C-4527-90E1-506D77761E21}.Debug|x64.Build.0 = Debug|Any CPU
		{D280C181-CD2C-4527-90E1-506D77761E21}.Debug|x86.ActiveCfg = Debug|Any CPU
		{D280C181-CD2C-4527-90E1-506D77761E21}.Debug|x86.Build.0 = Debug|Any CPU
		{D280C181-CD2C-4527-90E1-506D77761E21}.Release|Any CPU.ActiveCfg = Release|Any CPU
		{D280C181-CD2C-4527-90E1-506D77761E21}.Release|Any CPU.Build.0 = Release|Any CPU
		{D280C181-CD2C-4527-90E1-506D77761E21}.Release|x64.ActiveCfg = Release|Any CPU
		{D280C181-CD2C-4527-90E1-506D77761E21}.Release|x64.Build.0 = Release|Any CPU
		{D280C181-CD2C-4527-90E1-506D77761E21}.Release|x86.ActiveCfg = Release|Any CPU
		{D280C181-CD2C-4527-90E1-506D77761E21}.Release|x86.Build.0 = Release|Any CPU
		{3F17B887-773E-426D-B5E8-67C16882DED5}.Debug|Any CPU.ActiveCfg = Debug|Any CPU
		{3F17B887-773E-426D-B5E8-67C16882DED5}.Debug|Any CPU.Build.0 = Debug|Any CPU
		{3F17B887-773E-426D-B5E8-67C16882DED5}.Debug|x64.ActiveCfg = Debug|Any CPU
		{3F17B887-773E-426D-B5E8-67C16882DED5}.Debug|x64.Build.0 = Debug|Any CPU
		{3F17B887-773E-426D-B5E8-67C16882DED5}.Debug|x86.ActiveCfg = Debug|Any CPU
		{3F17B887-773E-426D-B5E8-67C16882DED5}.Debug|x86.Build.0 = Debug|Any CPU
		{3F17B887-773E-426D-B5E8-67C16882DED5}.Release|Any CPU.ActiveCfg = Release|Any CPU
		{3F17B887-773E-426D-B5E8-67C16882DED5}.Release|Any CPU.Build.0 = Release|Any CPU
		{3F17B887-773E-426D-B5E8-67C16882DED5}.Release|x64.ActiveCfg = Release|Any CPU
		{3F17B887-773E-426D-B5E8-67C16882DED5}.Release|x64.Build.0 = Release|Any CPU
		{3F17B887-773E-426D-B5E8-67C16882DED5}.Release|x86.ActiveCfg = Release|Any CPU
		{3F17B887-773E-426D-B5E8-67C16882DED5}.Release|x86.Build.0 = Release|Any CPU
		{06FA0C37-DD60-4EF6-B4F0-BBCA936E8185}.Debug|Any CPU.ActiveCfg = Debug|Any CPU
		{06FA0C37-DD60-4EF6-B4F0-BBCA936E8185}.Debug|Any CPU.Build.0 = Debug|Any CPU
		{06FA0C37-DD60-4EF6-B4F0-BBCA936E8185}.Debug|x64.ActiveCfg = Debug|Any CPU
		{06FA0C37-DD60-4EF6-B4F0-BBCA936E8185}.Debug|x64.Build.0 = Debug|Any CPU
		{06FA0C37-DD60-4EF6-B4F0-BBCA936E8185}.Debug|x86.ActiveCfg = Debug|Any CPU
		{06FA0C37-DD60-4EF6-B4F0-BBCA936E8185}.Debug|x86.Build.0 = Debug|Any CPU
		{06FA0C37-DD60-4EF6-B4F0-BBCA936E8185}.Release|Any CPU.ActiveCfg = Release|Any CPU
		{06FA0C37-DD60-4EF6-B4F0-BBCA936E8185}.Release|Any CPU.Build.0 = Release|Any CPU
		{06FA0C37-DD60-4EF6-B4F0-BBCA936E8185}.Release|x64.ActiveCfg = Release|Any CPU
		{06FA0C37-DD60-4EF6-B4F0-BBCA936E8185}.Release|x64.Build.0 = Release|Any CPU
		{06FA0C37-DD60-4EF6-B4F0-BBCA936E8185}.Release|x86.ActiveCfg = Release|Any CPU
		{06FA0C37-DD60-4EF6-B4F0-BBCA936E8185}.Release|x86.Build.0 = Release|Any CPU
		{FCF0C309-B204-4C31-B9B6-A742B1CB2996}.Debug|Any CPU.ActiveCfg = Debug|Any CPU
		{FCF0C309-B204-4C31-B9B6-A742B1CB2996}.Debug|Any CPU.Build.0 = Debug|Any CPU
		{FCF0C309-B204-4C31-B9B6-A742B1CB2996}.Debug|x64.ActiveCfg = Debug|Any CPU
		{FCF0C309-B204-4C31-B9B6-A742B1CB2996}.Debug|x64.Build.0 = Debug|Any CPU
		{FCF0C309-B204-4C31-B9B6-A742B1CB2996}.Debug|x86.ActiveCfg = Debug|Any CPU
		{FCF0C309-B204-4C31-B9B6-A742B1CB2996}.Debug|x86.Build.0 = Debug|Any CPU
		{FCF0C309-B204-4C31-B9B6-A742B1CB2996}.Release|Any CPU.ActiveCfg = Release|Any CPU
		{FCF0C309-B204-4C31-B9B6-A742B1CB2996}.Release|Any CPU.Build.0 = Release|Any CPU
		{FCF0C309-B204-4C31-B9B6-A742B1CB2996}.Release|x64.ActiveCfg = Release|Any CPU
		{FCF0C309-B204-4C31-B9B6-A742B1CB2996}.Release|x64.Build.0 = Release|Any CPU
		{FCF0C309-B204-4C31-B9B6-A742B1CB2996}.Release|x86.ActiveCfg = Release|Any CPU
		{FCF0C309-B204-4C31-B9B6-A742B1CB2996}.Release|x86.Build.0 = Release|Any CPU
		{A4A0151D-BFE0-4EE7-829B-0A98797D9FFE}.Debug|Any CPU.ActiveCfg = Debug|Any CPU
		{A4A0151D-BFE0-4EE7-829B-0A98797D9FFE}.Debug|Any CPU.Build.0 = Debug|Any CPU
		{A4A0151D-BFE0-4EE7-829B-0A98797D9FFE}.Debug|x64.ActiveCfg = Debug|Any CPU
		{A4A0151D-BFE0-4EE7-829B-0A98797D9FFE}.Debug|x64.Build.0 = Debug|Any CPU
		{A4A0151D-BFE0-4EE7-829B-0A98797D9FFE}.Debug|x86.ActiveCfg = Debug|Any CPU
		{A4A0151D-BFE0-4EE7-829B-0A98797D9FFE}.Debug|x86.Build.0 = Debug|Any CPU
		{A4A0151D-BFE0-4EE7-829B-0A98797D9FFE}.Release|Any CPU.ActiveCfg = Release|Any CPU
		{A4A0151D-BFE0-4EE7-829B-0A98797D9FFE}.Release|Any CPU.Build.0 = Release|Any CPU
		{A4A0151D-BFE0-4EE7-829B-0A98797D9FFE}.Release|x64.ActiveCfg = Release|Any CPU
		{A4A0151D-BFE0-4EE7-829B-0A98797D9FFE}.Release|x64.Build.0 = Release|Any CPU
		{A4A0151D-BFE0-4EE7-829B-0A98797D9FFE}.Release|x86.ActiveCfg = Release|Any CPU
		{A4A0151D-BFE0-4EE7-829B-0A98797D9FFE}.Release|x86.Build.0 = Release|Any CPU
		{D11CFB92-2D72-4659-BD35-10441F246C00}.Debug|Any CPU.ActiveCfg = Debug|Any CPU
		{D11CFB92-2D72-4659-BD35-10441F246C00}.Debug|Any CPU.Build.0 = Debug|Any CPU
		{D11CFB92-2D72-4659-BD35-10441F246C00}.Debug|x64.ActiveCfg = Debug|Any CPU
		{D11CFB92-2D72-4659-BD35-10441F246C00}.Debug|x64.Build.0 = Debug|Any CPU
		{D11CFB92-2D72-4659-BD35-10441F246C00}.Debug|x86.ActiveCfg = Debug|Any CPU
		{D11CFB92-2D72-4659-BD35-10441F246C00}.Debug|x86.Build.0 = Debug|Any CPU
		{D11CFB92-2D72-4659-BD35-10441F246C00}.Release|Any CPU.ActiveCfg = Release|Any CPU
		{D11CFB92-2D72-4659-BD35-10441F246C00}.Release|Any CPU.Build.0 = Release|Any CPU
		{D11CFB92-2D72-4659-BD35-10441F246C00}.Release|x64.ActiveCfg = Release|Any CPU
		{D11CFB92-2D72-4659-BD35-10441F246C00}.Release|x64.Build.0 = Release|Any CPU
		{D11CFB92-2D72-4659-BD35-10441F246C00}.Release|x86.ActiveCfg = Release|Any CPU
		{D11CFB92-2D72-4659-BD35-10441F246C00}.Release|x86.Build.0 = Release|Any CPU
		{2E1B0BDE-8DCF-40A6-8A3C-02D5A316D10A}.Debug|Any CPU.ActiveCfg = Debug|Any CPU
		{2E1B0BDE-8DCF-40A6-8A3C-02D5A316D10A}.Debug|Any CPU.Build.0 = Debug|Any CPU
		{2E1B0BDE-8DCF-40A6-8A3C-02D5A316D10A}.Debug|x64.ActiveCfg = Debug|Any CPU
		{2E1B0BDE-8DCF-40A6-8A3C-02D5A316D10A}.Debug|x64.Build.0 = Debug|Any CPU
		{2E1B0BDE-8DCF-40A6-8A3C-02D5A316D10A}.Debug|x86.ActiveCfg = Debug|Any CPU
		{2E1B0BDE-8DCF-40A6-8A3C-02D5A316D10A}.Debug|x86.Build.0 = Debug|Any CPU
		{2E1B0BDE-8DCF-40A6-8A3C-02D5A316D10A}.Release|Any CPU.ActiveCfg = Release|Any CPU
		{2E1B0BDE-8DCF-40A6-8A3C-02D5A316D10A}.Release|Any CPU.Build.0 = Release|Any CPU
		{2E1B0BDE-8DCF-40A6-8A3C-02D5A316D10A}.Release|x64.ActiveCfg = Release|Any CPU
		{2E1B0BDE-8DCF-40A6-8A3C-02D5A316D10A}.Release|x64.Build.0 = Release|Any CPU
		{2E1B0BDE-8DCF-40A6-8A3C-02D5A316D10A}.Release|x86.ActiveCfg = Release|Any CPU
		{2E1B0BDE-8DCF-40A6-8A3C-02D5A316D10A}.Release|x86.Build.0 = Release|Any CPU
		{35251742-D2EA-4116-AC27-764BCDC80561}.Debug|Any CPU.ActiveCfg = Debug|Any CPU
		{35251742-D2EA-4116-AC27-764BCDC80561}.Debug|Any CPU.Build.0 = Debug|Any CPU
		{35251742-D2EA-4116-AC27-764BCDC80561}.Debug|x64.ActiveCfg = Debug|Any CPU
		{35251742-D2EA-4116-AC27-764BCDC80561}.Debug|x64.Build.0 = Debug|Any CPU
		{35251742-D2EA-4116-AC27-764BCDC80561}.Debug|x86.ActiveCfg = Debug|Any CPU
		{35251742-D2EA-4116-AC27-764BCDC80561}.Debug|x86.Build.0 = Debug|Any CPU
		{35251742-D2EA-4116-AC27-764BCDC80561}.Release|Any CPU.ActiveCfg = Release|Any CPU
		{35251742-D2EA-4116-AC27-764BCDC80561}.Release|Any CPU.Build.0 = Release|Any CPU
		{35251742-D2EA-4116-AC27-764BCDC80561}.Release|x64.ActiveCfg = Release|Any CPU
		{35251742-D2EA-4116-AC27-764BCDC80561}.Release|x64.Build.0 = Release|Any CPU
		{35251742-D2EA-4116-AC27-764BCDC80561}.Release|x86.ActiveCfg = Release|Any CPU
		{35251742-D2EA-4116-AC27-764BCDC80561}.Release|x86.Build.0 = Release|Any CPU
		{C35E1D6D-6E24-4A59-999F-1A1F2E65E118}.Debug|Any CPU.ActiveCfg = Debug|Any CPU
		{C35E1D6D-6E24-4A59-999F-1A1F2E65E118}.Debug|Any CPU.Build.0 = Debug|Any CPU
		{C35E1D6D-6E24-4A59-999F-1A1F2E65E118}.Debug|x64.ActiveCfg = Debug|Any CPU
		{C35E1D6D-6E24-4A59-999F-1A1F2E65E118}.Debug|x64.Build.0 = Debug|Any CPU
		{C35E1D6D-6E24-4A59-999F-1A1F2E65E118}.Debug|x86.ActiveCfg = Debug|Any CPU
		{C35E1D6D-6E24-4A59-999F-1A1F2E65E118}.Debug|x86.Build.0 = Debug|Any CPU
		{C35E1D6D-6E24-4A59-999F-1A1F2E65E118}.Release|Any CPU.ActiveCfg = Release|Any CPU
		{C35E1D6D-6E24-4A59-999F-1A1F2E65E118}.Release|Any CPU.Build.0 = Release|Any CPU
		{C35E1D6D-6E24-4A59-999F-1A1F2E65E118}.Release|x64.ActiveCfg = Release|Any CPU
		{C35E1D6D-6E24-4A59-999F-1A1F2E65E118}.Release|x64.Build.0 = Release|Any CPU
		{C35E1D6D-6E24-4A59-999F-1A1F2E65E118}.Release|x86.ActiveCfg = Release|Any CPU
		{C35E1D6D-6E24-4A59-999F-1A1F2E65E118}.Release|x86.Build.0 = Release|Any CPU
		{FA7E0443-4092-4443-8958-67D545C3182B}.Debug|Any CPU.ActiveCfg = Debug|Any CPU
		{FA7E0443-4092-4443-8958-67D545C3182B}.Debug|Any CPU.Build.0 = Debug|Any CPU
		{FA7E0443-4092-4443-8958-67D545C3182B}.Debug|x64.ActiveCfg = Debug|Any CPU
		{FA7E0443-4092-4443-8958-67D545C3182B}.Debug|x64.Build.0 = Debug|Any CPU
		{FA7E0443-4092-4443-8958-67D545C3182B}.Debug|x86.ActiveCfg = Debug|Any CPU
		{FA7E0443-4092-4443-8958-67D545C3182B}.Debug|x86.Build.0 = Debug|Any CPU
		{FA7E0443-4092-4443-8958-67D545C3182B}.Release|Any CPU.ActiveCfg = Release|Any CPU
		{FA7E0443-4092-4443-8958-67D545C3182B}.Release|Any CPU.Build.0 = Release|Any CPU
		{FA7E0443-4092-4443-8958-67D545C3182B}.Release|x64.ActiveCfg = Release|Any CPU
		{FA7E0443-4092-4443-8958-67D545C3182B}.Release|x64.Build.0 = Release|Any CPU
		{FA7E0443-4092-4443-8958-67D545C3182B}.Release|x86.ActiveCfg = Release|Any CPU
		{FA7E0443-4092-4443-8958-67D545C3182B}.Release|x86.Build.0 = Release|Any CPU
		{BF9AE9C6-7323-43AD-B5F9-D3C11CCE7D0B}.Debug|Any CPU.ActiveCfg = Debug|Any CPU
		{BF9AE9C6-7323-43AD-B5F9-D3C11CCE7D0B}.Debug|Any CPU.Build.0 = Debug|Any CPU
		{BF9AE9C6-7323-43AD-B5F9-D3C11CCE7D0B}.Debug|x64.ActiveCfg = Debug|Any CPU
		{BF9AE9C6-7323-43AD-B5F9-D3C11CCE7D0B}.Debug|x64.Build.0 = Debug|Any CPU
		{BF9AE9C6-7323-43AD-B5F9-D3C11CCE7D0B}.Debug|x86.ActiveCfg = Debug|Any CPU
		{BF9AE9C6-7323-43AD-B5F9-D3C11CCE7D0B}.Debug|x86.Build.0 = Debug|Any CPU
		{BF9AE9C6-7323-43AD-B5F9-D3C11CCE7D0B}.Release|Any CPU.ActiveCfg = Release|Any CPU
		{BF9AE9C6-7323-43AD-B5F9-D3C11CCE7D0B}.Release|Any CPU.Build.0 = Release|Any CPU
		{BF9AE9C6-7323-43AD-B5F9-D3C11CCE7D0B}.Release|x64.ActiveCfg = Release|Any CPU
		{BF9AE9C6-7323-43AD-B5F9-D3C11CCE7D0B}.Release|x64.Build.0 = Release|Any CPU
		{BF9AE9C6-7323-43AD-B5F9-D3C11CCE7D0B}.Release|x86.ActiveCfg = Release|Any CPU
		{BF9AE9C6-7323-43AD-B5F9-D3C11CCE7D0B}.Release|x86.Build.0 = Release|Any CPU
		{D515DDE6-0DAA-402C-831D-0C2DD62C4FF2}.Debug|Any CPU.ActiveCfg = Debug|Any CPU
		{D515DDE6-0DAA-402C-831D-0C2DD62C4FF2}.Debug|Any CPU.Build.0 = Debug|Any CPU
		{D515DDE6-0DAA-402C-831D-0C2DD62C4FF2}.Debug|x64.ActiveCfg = Debug|Any CPU
		{D515DDE6-0DAA-402C-831D-0C2DD62C4FF2}.Debug|x64.Build.0 = Debug|Any CPU
		{D515DDE6-0DAA-402C-831D-0C2DD62C4FF2}.Debug|x86.ActiveCfg = Debug|Any CPU
		{D515DDE6-0DAA-402C-831D-0C2DD62C4FF2}.Debug|x86.Build.0 = Debug|Any CPU
		{D515DDE6-0DAA-402C-831D-0C2DD62C4FF2}.Release|Any CPU.ActiveCfg = Release|Any CPU
		{D515DDE6-0DAA-402C-831D-0C2DD62C4FF2}.Release|Any CPU.Build.0 = Release|Any CPU
		{D515DDE6-0DAA-402C-831D-0C2DD62C4FF2}.Release|x64.ActiveCfg = Release|Any CPU
		{D515DDE6-0DAA-402C-831D-0C2DD62C4FF2}.Release|x64.Build.0 = Release|Any CPU
		{D515DDE6-0DAA-402C-831D-0C2DD62C4FF2}.Release|x86.ActiveCfg = Release|Any CPU
		{D515DDE6-0DAA-402C-831D-0C2DD62C4FF2}.Release|x86.Build.0 = Release|Any CPU
		{27376B05-23B3-42AB-AC6A-F7D482E88725}.Debug|Any CPU.ActiveCfg = Debug|Any CPU
		{27376B05-23B3-42AB-AC6A-F7D482E88725}.Debug|Any CPU.Build.0 = Debug|Any CPU
		{27376B05-23B3-42AB-AC6A-F7D482E88725}.Debug|x64.ActiveCfg = Debug|Any CPU
		{27376B05-23B3-42AB-AC6A-F7D482E88725}.Debug|x64.Build.0 = Debug|Any CPU
		{27376B05-23B3-42AB-AC6A-F7D482E88725}.Debug|x86.ActiveCfg = Debug|Any CPU
		{27376B05-23B3-42AB-AC6A-F7D482E88725}.Debug|x86.Build.0 = Debug|Any CPU
		{27376B05-23B3-42AB-AC6A-F7D482E88725}.Release|Any CPU.ActiveCfg = Release|Any CPU
		{27376B05-23B3-42AB-AC6A-F7D482E88725}.Release|Any CPU.Build.0 = Release|Any CPU
		{27376B05-23B3-42AB-AC6A-F7D482E88725}.Release|x64.ActiveCfg = Release|Any CPU
		{27376B05-23B3-42AB-AC6A-F7D482E88725}.Release|x64.Build.0 = Release|Any CPU
		{27376B05-23B3-42AB-AC6A-F7D482E88725}.Release|x86.ActiveCfg = Release|Any CPU
		{27376B05-23B3-42AB-AC6A-F7D482E88725}.Release|x86.Build.0 = Release|Any CPU
		{86CA3ECA-8DA2-486C-AB1F-B595B1EE55A2}.Debug|Any CPU.ActiveCfg = Debug|Any CPU
		{86CA3ECA-8DA2-486C-AB1F-B595B1EE55A2}.Debug|Any CPU.Build.0 = Debug|Any CPU
		{86CA3ECA-8DA2-486C-AB1F-B595B1EE55A2}.Debug|x64.ActiveCfg = Debug|Any CPU
		{86CA3ECA-8DA2-486C-AB1F-B595B1EE55A2}.Debug|x64.Build.0 = Debug|Any CPU
		{86CA3ECA-8DA2-486C-AB1F-B595B1EE55A2}.Debug|x86.ActiveCfg = Debug|Any CPU
		{86CA3ECA-8DA2-486C-AB1F-B595B1EE55A2}.Debug|x86.Build.0 = Debug|Any CPU
		{86CA3ECA-8DA2-486C-AB1F-B595B1EE55A2}.Release|Any CPU.ActiveCfg = Release|Any CPU
		{86CA3ECA-8DA2-486C-AB1F-B595B1EE55A2}.Release|Any CPU.Build.0 = Release|Any CPU
		{86CA3ECA-8DA2-486C-AB1F-B595B1EE55A2}.Release|x64.ActiveCfg = Release|Any CPU
		{86CA3ECA-8DA2-486C-AB1F-B595B1EE55A2}.Release|x64.Build.0 = Release|Any CPU
		{86CA3ECA-8DA2-486C-AB1F-B595B1EE55A2}.Release|x86.ActiveCfg = Release|Any CPU
		{86CA3ECA-8DA2-486C-AB1F-B595B1EE55A2}.Release|x86.Build.0 = Release|Any CPU
		{F33B7E78-1171-4629-9AC7-457B6D551D9C}.Debug|Any CPU.ActiveCfg = Debug|Any CPU
		{F33B7E78-1171-4629-9AC7-457B6D551D9C}.Debug|Any CPU.Build.0 = Debug|Any CPU
		{F33B7E78-1171-4629-9AC7-457B6D551D9C}.Debug|x64.ActiveCfg = Debug|Any CPU
		{F33B7E78-1171-4629-9AC7-457B6D551D9C}.Debug|x64.Build.0 = Debug|Any CPU
		{F33B7E78-1171-4629-9AC7-457B6D551D9C}.Debug|x86.ActiveCfg = Debug|Any CPU
		{F33B7E78-1171-4629-9AC7-457B6D551D9C}.Debug|x86.Build.0 = Debug|Any CPU
		{F33B7E78-1171-4629-9AC7-457B6D551D9C}.Release|Any CPU.ActiveCfg = Release|Any CPU
		{F33B7E78-1171-4629-9AC7-457B6D551D9C}.Release|Any CPU.Build.0 = Release|Any CPU
		{F33B7E78-1171-4629-9AC7-457B6D551D9C}.Release|x64.ActiveCfg = Release|Any CPU
		{F33B7E78-1171-4629-9AC7-457B6D551D9C}.Release|x64.Build.0 = Release|Any CPU
		{F33B7E78-1171-4629-9AC7-457B6D551D9C}.Release|x86.ActiveCfg = Release|Any CPU
		{F33B7E78-1171-4629-9AC7-457B6D551D9C}.Release|x86.Build.0 = Release|Any CPU
		{B7F05685-2D63-4EC9-892B-5340679A8F95}.Debug|Any CPU.ActiveCfg = Debug|Any CPU
		{B7F05685-2D63-4EC9-892B-5340679A8F95}.Debug|Any CPU.Build.0 = Debug|Any CPU
		{B7F05685-2D63-4EC9-892B-5340679A8F95}.Debug|x64.ActiveCfg = Debug|Any CPU
		{B7F05685-2D63-4EC9-892B-5340679A8F95}.Debug|x64.Build.0 = Debug|Any CPU
		{B7F05685-2D63-4EC9-892B-5340679A8F95}.Debug|x86.ActiveCfg = Debug|Any CPU
		{B7F05685-2D63-4EC9-892B-5340679A8F95}.Debug|x86.Build.0 = Debug|Any CPU
		{B7F05685-2D63-4EC9-892B-5340679A8F95}.Release|Any CPU.ActiveCfg = Release|Any CPU
		{B7F05685-2D63-4EC9-892B-5340679A8F95}.Release|Any CPU.Build.0 = Release|Any CPU
		{B7F05685-2D63-4EC9-892B-5340679A8F95}.Release|x64.ActiveCfg = Release|Any CPU
		{B7F05685-2D63-4EC9-892B-5340679A8F95}.Release|x64.Build.0 = Release|Any CPU
		{B7F05685-2D63-4EC9-892B-5340679A8F95}.Release|x86.ActiveCfg = Release|Any CPU
		{B7F05685-2D63-4EC9-892B-5340679A8F95}.Release|x86.Build.0 = Release|Any CPU
		{7F8640C0-ED4C-453F-9DCA-63779100BE1C}.Debug|Any CPU.ActiveCfg = Debug|Any CPU
		{7F8640C0-ED4C-453F-9DCA-63779100BE1C}.Debug|Any CPU.Build.0 = Debug|Any CPU
		{7F8640C0-ED4C-453F-9DCA-63779100BE1C}.Debug|x64.ActiveCfg = Debug|Any CPU
		{7F8640C0-ED4C-453F-9DCA-63779100BE1C}.Debug|x64.Build.0 = Debug|Any CPU
		{7F8640C0-ED4C-453F-9DCA-63779100BE1C}.Debug|x86.ActiveCfg = Debug|Any CPU
		{7F8640C0-ED4C-453F-9DCA-63779100BE1C}.Debug|x86.Build.0 = Debug|Any CPU
		{7F8640C0-ED4C-453F-9DCA-63779100BE1C}.Release|Any CPU.ActiveCfg = Release|Any CPU
		{7F8640C0-ED4C-453F-9DCA-63779100BE1C}.Release|Any CPU.Build.0 = Release|Any CPU
		{7F8640C0-ED4C-453F-9DCA-63779100BE1C}.Release|x64.ActiveCfg = Release|Any CPU
		{7F8640C0-ED4C-453F-9DCA-63779100BE1C}.Release|x64.Build.0 = Release|Any CPU
		{7F8640C0-ED4C-453F-9DCA-63779100BE1C}.Release|x86.ActiveCfg = Release|Any CPU
		{7F8640C0-ED4C-453F-9DCA-63779100BE1C}.Release|x86.Build.0 = Release|Any CPU
		{98A156E4-5A14-4B66-9F1C-5D6834E40D22}.Debug|Any CPU.ActiveCfg = Debug|Any CPU
		{98A156E4-5A14-4B66-9F1C-5D6834E40D22}.Debug|Any CPU.Build.0 = Debug|Any CPU
		{98A156E4-5A14-4B66-9F1C-5D6834E40D22}.Debug|x64.ActiveCfg = Debug|Any CPU
		{98A156E4-5A14-4B66-9F1C-5D6834E40D22}.Debug|x64.Build.0 = Debug|Any CPU
		{98A156E4-5A14-4B66-9F1C-5D6834E40D22}.Debug|x86.ActiveCfg = Debug|Any CPU
		{98A156E4-5A14-4B66-9F1C-5D6834E40D22}.Debug|x86.Build.0 = Debug|Any CPU
		{98A156E4-5A14-4B66-9F1C-5D6834E40D22}.Release|Any CPU.ActiveCfg = Release|Any CPU
		{98A156E4-5A14-4B66-9F1C-5D6834E40D22}.Release|Any CPU.Build.0 = Release|Any CPU
		{98A156E4-5A14-4B66-9F1C-5D6834E40D22}.Release|x64.ActiveCfg = Release|Any CPU
		{98A156E4-5A14-4B66-9F1C-5D6834E40D22}.Release|x64.Build.0 = Release|Any CPU
		{98A156E4-5A14-4B66-9F1C-5D6834E40D22}.Release|x86.ActiveCfg = Release|Any CPU
		{98A156E4-5A14-4B66-9F1C-5D6834E40D22}.Release|x86.Build.0 = Release|Any CPU
		{AA41B26E-06E5-412F-9363-CF858CFC40EB}.Debug|Any CPU.ActiveCfg = Debug|Any CPU
		{AA41B26E-06E5-412F-9363-CF858CFC40EB}.Debug|Any CPU.Build.0 = Debug|Any CPU
		{AA41B26E-06E5-412F-9363-CF858CFC40EB}.Debug|x64.ActiveCfg = Debug|Any CPU
		{AA41B26E-06E5-412F-9363-CF858CFC40EB}.Debug|x64.Build.0 = Debug|Any CPU
		{AA41B26E-06E5-412F-9363-CF858CFC40EB}.Debug|x86.ActiveCfg = Debug|Any CPU
		{AA41B26E-06E5-412F-9363-CF858CFC40EB}.Debug|x86.Build.0 = Debug|Any CPU
		{AA41B26E-06E5-412F-9363-CF858CFC40EB}.Release|Any CPU.ActiveCfg = Release|Any CPU
		{AA41B26E-06E5-412F-9363-CF858CFC40EB}.Release|Any CPU.Build.0 = Release|Any CPU
		{AA41B26E-06E5-412F-9363-CF858CFC40EB}.Release|x64.ActiveCfg = Release|Any CPU
		{AA41B26E-06E5-412F-9363-CF858CFC40EB}.Release|x64.Build.0 = Release|Any CPU
		{AA41B26E-06E5-412F-9363-CF858CFC40EB}.Release|x86.ActiveCfg = Release|Any CPU
		{AA41B26E-06E5-412F-9363-CF858CFC40EB}.Release|x86.Build.0 = Release|Any CPU
		{8A6C28E1-6C66-4D4C-9F31-E47FAC1FD563}.Debug|Any CPU.ActiveCfg = Debug|Any CPU
		{8A6C28E1-6C66-4D4C-9F31-E47FAC1FD563}.Debug|Any CPU.Build.0 = Debug|Any CPU
		{8A6C28E1-6C66-4D4C-9F31-E47FAC1FD563}.Debug|x64.ActiveCfg = Debug|Any CPU
		{8A6C28E1-6C66-4D4C-9F31-E47FAC1FD563}.Debug|x64.Build.0 = Debug|Any CPU
		{8A6C28E1-6C66-4D4C-9F31-E47FAC1FD563}.Debug|x86.ActiveCfg = Debug|Any CPU
		{8A6C28E1-6C66-4D4C-9F31-E47FAC1FD563}.Debug|x86.Build.0 = Debug|Any CPU
		{8A6C28E1-6C66-4D4C-9F31-E47FAC1FD563}.Release|Any CPU.ActiveCfg = Release|Any CPU
		{8A6C28E1-6C66-4D4C-9F31-E47FAC1FD563}.Release|Any CPU.Build.0 = Release|Any CPU
		{8A6C28E1-6C66-4D4C-9F31-E47FAC1FD563}.Release|x64.ActiveCfg = Release|Any CPU
		{8A6C28E1-6C66-4D4C-9F31-E47FAC1FD563}.Release|x64.Build.0 = Release|Any CPU
		{8A6C28E1-6C66-4D4C-9F31-E47FAC1FD563}.Release|x86.ActiveCfg = Release|Any CPU
		{8A6C28E1-6C66-4D4C-9F31-E47FAC1FD563}.Release|x86.Build.0 = Release|Any CPU
	EndGlobalSection
	GlobalSection(SolutionProperties) = preSolution
		HideSolutionNode = FALSE
	EndGlobalSection
	GlobalSection(NestedProjects) = preSolution
		{AC3D928C-F37C-4B9B-8CEC-E078DA3F3DC2} = {7266C4A9-E384-DC00-0EB6-47F6002CFBA7}
		{9654997E-8F81-5A36-2AB0-B2ECD99ED562} = {A73F2606-6D4C-3EEE-1759-0E59DCFEF523}
		{46B033A1-DFAA-4512-8466-41481D7C8A7D} = {9654997E-8F81-5A36-2AB0-B2ECD99ED562}
		{688AB7E5-8E3E-4401-8E79-C8D0F1063293} = {E7BDDBC6-9FD1-D1D7-ACD8-2C4F8E3D2461}
		{1BDCE16F-44E9-1D02-8623-3C0B350C7CC7} = {5854FF58-B8C5-05C6-5BF2-ACE42193F22B}
		{73D1BA5C-D7EC-4C3F-A4AD-56FE3530E432} = {1BDCE16F-44E9-1D02-8623-3C0B350C7CC7}
		{A63EE931-5EBE-43D9-9234-E802A80936CA} = {1BDCE16F-44E9-1D02-8623-3C0B350C7CC7}
		{1F29D3D1-932B-437F-9587-9C0D95E0B3F4} = {1BDCE16F-44E9-1D02-8623-3C0B350C7CC7}
		{BC00CE5D-CCB4-4F51-87EC-7B8734B1884F} = {1BDCE16F-44E9-1D02-8623-3C0B350C7CC7}
		{910CD2FD-B305-E565-947C-C8AD35E28D1F} = {5854FF58-B8C5-05C6-5BF2-ACE42193F22B}
		{57828EF5-3871-4CA5-9441-178474DFA3BF} = {910CD2FD-B305-E565-947C-C8AD35E28D1F}
		{1807BA02-B820-4645-A953-CAE3BA4956BC} = {910CD2FD-B305-E565-947C-C8AD35E28D1F}
		{E2B76789-36AA-407A-A4E7-3722E12D32FD} = {910CD2FD-B305-E565-947C-C8AD35E28D1F}
		{531223C3-07DC-4EEC-95E1-5D955D703231} = {910CD2FD-B305-E565-947C-C8AD35E28D1F}
		{2C1A4A76-A2BA-CDCA-6437-561A7B87BEBA} = {5854FF58-B8C5-05C6-5BF2-ACE42193F22B}
		{5F180055-D20A-44A2-871D-FA451A3D7DDC} = {2C1A4A76-A2BA-CDCA-6437-561A7B87BEBA}
		{5D4807C2-364B-4BA4-A3FF-61E06182F7BC} = {2C1A4A76-A2BA-CDCA-6437-561A7B87BEBA}
		{1288CF30-D548-4DF9-A9D6-9BE152D23683} = {2C1A4A76-A2BA-CDCA-6437-561A7B87BEBA}
		{443401C8-F7F7-420B-BFBD-CFFEB7433164} = {2C1A4A76-A2BA-CDCA-6437-561A7B87BEBA}
		{357A7C97-5AE1-023F-1442-0D9F9AF22A31} = {5854FF58-B8C5-05C6-5BF2-ACE42193F22B}
		{D280C181-CD2C-4527-90E1-506D77761E21} = {357A7C97-5AE1-023F-1442-0D9F9AF22A31}
		{3F17B887-773E-426D-B5E8-67C16882DED5} = {357A7C97-5AE1-023F-1442-0D9F9AF22A31}
		{06FA0C37-DD60-4EF6-B4F0-BBCA936E8185} = {357A7C97-5AE1-023F-1442-0D9F9AF22A31}
		{FCF0C309-B204-4C31-B9B6-A742B1CB2996} = {357A7C97-5AE1-023F-1442-0D9F9AF22A31}
		{CFB52292-98B6-4E9A-8746-113C6577FC11} = {5854FF58-B8C5-05C6-5BF2-ACE42193F22B}
		{A4A0151D-BFE0-4EE7-829B-0A98797D9FFE} = {CFB52292-98B6-4E9A-8746-113C6577FC11}
		{D11CFB92-2D72-4659-BD35-10441F246C00} = {CFB52292-98B6-4E9A-8746-113C6577FC11}
		{2E1B0BDE-8DCF-40A6-8A3C-02D5A316D10A} = {CFB52292-98B6-4E9A-8746-113C6577FC11}
		{35251742-D2EA-4116-AC27-764BCDC80561} = {CFB52292-98B6-4E9A-8746-113C6577FC11}
		{06470F13-D646-4954-ED4A-FA216054436A} = {5854FF58-B8C5-05C6-5BF2-ACE42193F22B}
		{C35E1D6D-6E24-4A59-999F-1A1F2E65E118} = {06470F13-D646-4954-ED4A-FA216054436A}
		{FA7E0443-4092-4443-8958-67D545C3182B} = {06470F13-D646-4954-ED4A-FA216054436A}
		{BF9AE9C6-7323-43AD-B5F9-D3C11CCE7D0B} = {06470F13-D646-4954-ED4A-FA216054436A}
		{D515DDE6-0DAA-402C-831D-0C2DD62C4FF2} = {06470F13-D646-4954-ED4A-FA216054436A}
		{95B5F45C-7F96-2BAF-52D9-D752350F5FCB} = {5854FF58-B8C5-05C6-5BF2-ACE42193F22B}
		{27376B05-23B3-42AB-AC6A-F7D482E88725} = {95B5F45C-7F96-2BAF-52D9-D752350F5FCB}
		{86CA3ECA-8DA2-486C-AB1F-B595B1EE55A2} = {95B5F45C-7F96-2BAF-52D9-D752350F5FCB}
		{F33B7E78-1171-4629-9AC7-457B6D551D9C} = {95B5F45C-7F96-2BAF-52D9-D752350F5FCB}
		{B7F05685-2D63-4EC9-892B-5340679A8F95} = {95B5F45C-7F96-2BAF-52D9-D752350F5FCB}
		{5DAAE14E-BEF8-4D9A-36B7-C0758735334C} = {5854FF58-B8C5-05C6-5BF2-ACE42193F22B}
		{7F8640C0-ED4C-453F-9DCA-63779100BE1C} = {5DAAE14E-BEF8-4D9A-36B7-C0758735334C}
		{98A156E4-5A14-4B66-9F1C-5D6834E40D22} = {5DAAE14E-BEF8-4D9A-36B7-C0758735334C}
		{AA41B26E-06E5-412F-9363-CF858CFC40EB} = {5DAAE14E-BEF8-4D9A-36B7-C0758735334C}
		{8A6C28E1-6C66-4D4C-9F31-E47FAC1FD563} = {5DAAE14E-BEF8-4D9A-36B7-C0758735334C}
	EndGlobalSection
EndGlobal
